
Microsoft Visual Studio Solution File, Format Version 12.00
# Visual Studio Version 16
VisualStudioVersion = 16.0.28922.388
MinimumVisualStudioVersion = 10.0.40219.1
Project("{FAE04EC0-301F-11D3-BF4B-00C04F79EFBC}") = "Recursions", "Recursions.csproj", "{F23BD3F5-404B-4C5E-AE2E-C24EB9B9E27E}"
EndProject
Global
	GlobalSection(SolutionConfigurationPlatforms) = preSolution
		Debug|Any CPU = Debug|Any CPU
		Release|Any CPU = Release|Any CPU
	EndGlobalSection
	GlobalSection(ProjectConfigurationPlatforms) = postSolution
		{F23BD3F5-404B-4C5E-AE2E-C24EB9B9E27E}.Debug|Any CPU.ActiveCfg = Debug|Any CPU
		{F23BD3F5-404B-4C5E-AE2E-C24EB9B9E27E}.Debug|Any CPU.Build.0 = Debug|Any CPU
		{F23BD3F5-404B-4C5E-AE2E-C24EB9B9E27E}.Release|Any CPU.ActiveCfg = Release|Any CPU
		{F23BD3F5-404B-4C5E-AE2E-C24EB9B9E27E}.Release|Any CPU.Build.0 = Release|Any CPU
	EndGlobalSection
	GlobalSection(SolutionProperties) = preSolution
		HideSolutionNode = FALSE
	EndGlobalSection
	GlobalSection(ExtensibilityGlobals) = postSolution
		SolutionGuid = {387B1E0B-5CD6-402F-953B-0D9D11084769}
	EndGlobalSection
EndGlobal
